{
  "name": "projetwebjs",
  "version": "1.0.0",
  "lockfileVersion": 1,
  "requires": true,
  "dependencies": {
    "ajax": {
      "version": "0.0.4",
      "resolved": "https://registry.npmjs.org/ajax/-/ajax-0.0.4.tgz",
      "integrity": "sha1-tvTOi9WQ9fS6Lc/eEd54nyCfJCM=",
      "requires": {
        "underscore": "^1.10.2"
      }
    },
    "bootstrap": {
      "version": "4.5.0",
      "resolved": "https://registry.npmjs.org/bootstrap/-/bootstrap-4.5.0.tgz",
      "integrity": "sha512-Z93QoXvodoVslA+PWNdk23Hze4RBYIkpb5h8I2HY2Tu2h7A0LpAgLcyrhrSUyo2/Oxm2l1fRZPs1e5hnxnliXA=="
    },
    "bootstrap-select": {
      "version": "1.13.17",
      "resolved": "https://registry.npmjs.org/bootstrap-select/-/bootstrap-select-1.13.17.tgz",
      "integrity": "sha512-LbzSQumoZNYGuoYMpShKIHbJ2qUWFLI0qVHVeKqw5+nfhtMxz+Gre1+IuI3X74bTzQfalBqDKc8fS8tZMdciWg=="
    },
    "concat-stream": {
      "version": "0.0.7",
      "resolved": "https://registry.npmjs.org/concat-stream/-/concat-stream-0.0.7.tgz",
      "integrity": "sha1-4Tfjj5RiYbvvuktQN8zEPVqo88M="
    },
    "datatables": {
      "version": "1.10.18",
      "resolved": "https://registry.npmjs.org/datatables/-/datatables-1.10.18.tgz",
      "integrity": "sha512-ntatMgS9NN6UMpwbmO+QkYJuKlVeMA2Mi0Gu/QxyIh+dW7ZjLSDhPT2tWlzjpIWEkDYgieDzS9Nu7bdQCW0sbQ==",
      "requires": {
        "jquery": ">=1.7"
      }
    },
    "datatables-select": {
      "version": "1.1.0",
      "resolved": "https://registry.npmjs.org/datatables-select/-/datatables-select-1.1.0.tgz",
      "integrity": "sha1-l9YTyXlPfRB5la1LNY8k4E9QmPE=",
      "requires": {
        "datatables": ">=1.10.8",
        "jquery": ">=1.7.0"
      }
    },
    "font-awesome": {
      "version": "4.7.0",
      "resolved": "https://registry.npmjs.org/font-awesome/-/font-awesome-4.7.0.tgz",
      "integrity": "sha1-j6jPBBGhoxr9B7BtKQK7n8gVoTM="
    },
    "jquery": {
      "version": "3.5.1",
      "resolved": "https://registry.npmjs.org/jquery/-/jquery-3.5.1.tgz",
      "integrity": "sha512-XwIBPqcMn57FxfT+Go5pzySnm4KWkT1Tv7gjrpT1srtf8Weynl6R273VJ5GjkRb51IzMp5nbaPjJXMWeju2MKg=="
    },
    "mdb": {
      "version": "0.1.0",
      "resolved": "https://registry.npmjs.org/mdb/-/mdb-0.1.0.tgz",
      "integrity": "sha1-68mp5uy8uIyfycibhO0oEpErElk=",
      "requires": {
        "concat-stream": "0.0.7"
      }
    },
    "mdbootstrap": {
      "version": "4.19.0",
      "resolved": "https://registry.npmjs.org/mdbootstrap/-/mdbootstrap-4.19.0.tgz",
      "integrity": "sha512-znMvzFGzfjRNO70wv2PXdGsFYb6VwAQ1LUw1r07fpREXhSFKAvAhoBZbaz+pOu8tiOzXBm62Y0H9Bm3C/197rw=="
    },
    "popper.js": {
      "version": "1.16.1",
      "resolved": "https://registry.npmjs.org/popper.js/-/popper.js-1.16.1.tgz",
      "integrity": "sha512-Wb4p1J4zyFTbM+u6WuO4XstYx4Ky9Cewe4DWrel7B0w6VVICvPwdOpotjzcf6eD8TsckVnIMNONQyPIUFOUbCQ=="
    },
    "underscore": {
      "version": "1.10.2",
      "resolved": "https://registry.npmjs.org/underscore/-/underscore-1.10.2.tgz",
      "integrity": "sha512-N4P+Q/BuyuEKFJ43B9gYuOj4TQUHXX+j2FqguVOpjkssLUUrnJofCcBccJSCoeturDoZU6GorDTHSvUDlSQbTg=="
    }
  }
}
